{
  "lockfile-version": 1,
  "manifest": {
    "version": 1,
    "install": {
      "cilium-cli": {
        "pkg-path": "cilium-cli"
      },
      "ipcalc": {
        "pkg-path": "ipcalc"
      },
      "kustomize": {
        "pkg-path": "kustomize",
        "version": "5.6.0"
      },
      "lima": {
        "pkg-path": "lima"
      },
      "podlet": {
        "pkg-path": "podlet"
      },
      "podman": {
        "pkg-path": "podman",
        "version": "5.4.1"
      }
    },
    "hook": {
      "on-activate": "  set -a\n\n  GH_TOKEN=$( gh auth token )\n\n  set +a\n"
    },
    "profile": {},
    "options": {
      "systems": [
        "aarch64-darwin",
        "aarch64-linux",
        "x86_64-darwin",
        "x86_64-linux"
      ],
      "allow": {
        "licenses": []
      },
      "semver": {}
    }
  },
  "packages": [
    {
      "attr_path": "cilium-cli",
      "broken": false,
      "derivation": "/nix/store/fk22l9jd1xgk950l4rnl72piy87i9y9l-cilium-cli-0.18.0.drv",
      "description": "CLI to install, manage & troubleshoot Kubernetes clusters running Cilium",
      "install_id": "cilium-cli",
      "license": "Apache-2.0",
      "locked_url": "https://github.com/flox/nixpkgs?rev=1e5b653dff12029333a6546c11e108ede13052eb",
      "name": "cilium-cli-0.18.0",
      "pname": "cilium-cli",
      "rev": "1e5b653dff12029333a6546c11e108ede13052eb",
      "rev_count": 772522,
      "rev_date": "2025-03-22T18:57:23Z",
      "scrape_date": "2025-03-24T01:13:28.821740Z",
      "stabilities": [
        "unstable"
      ],
      "unfree": false,
      "version": "0.18.0",
      "outputs_to_install": [
        "out"
      ],
      "outputs": {
        "out": "/nix/store/l6hwdk7d3ipcbkzkyaghd3blkmmrl40f-cilium-cli-0.18.0"
      },
      "system": "aarch64-darwin",
      "group": "toplevel",
      "priority": 5
    },
    {
      "attr_path": "cilium-cli",
      "broken": false,
      "derivation": "/nix/store/jk48v53riqykd06bsqlvs1w3chyda8w0-cilium-cli-0.18.0.drv",
      "description": "CLI to install, manage & troubleshoot Kubernetes clusters running Cilium",
      "install_id": "cilium-cli",
      "license": "Apache-2.0",
      "locked_url": "https://github.com/flox/nixpkgs?rev=1e5b653dff12029333a6546c11e108ede13052eb",
      "name": "cilium-cli-0.18.0",
      "pname": "cilium-cli",
      "rev": "1e5b653dff12029333a6546c11e108ede13052eb",
      "rev_count": 772522,
      "rev_date": "2025-03-22T18:57:23Z",
      "scrape_date": "2025-03-24T01:34:59.781032Z",
      "stabilities": [
        "unstable"
      ],
      "unfree": false,
      "version": "0.18.0",
      "outputs_to_install": [
        "out"
      ],
      "outputs": {
        "out": "/nix/store/z3hkq046ljc2p7pansbg6nr0h2sxrr82-cilium-cli-0.18.0"
      },
      "system": "aarch64-linux",
      "group": "toplevel",
      "priority": 5
    },
    {
      "attr_path": "cilium-cli",
      "broken": false,
      "derivation": "/nix/store/k47bdyj754cixgwi9fya6f7q783hh81w-cilium-cli-0.18.0.drv",
      "description": "CLI to install, manage & troubleshoot Kubernetes clusters running Cilium",
      "install_id": "cilium-cli",
      "license": "Apache-2.0",
      "locked_url": "https://github.com/flox/nixpkgs?rev=1e5b653dff12029333a6546c11e108ede13052eb",
      "name": "cilium-cli-0.18.0",
      "pname": "cilium-cli",
      "rev": "1e5b653dff12029333a6546c11e108ede13052eb",
      "rev_count": 772522,
      "rev_date": "2025-03-22T18:57:23Z",
      "scrape_date": "2025-03-24T01:54:12.680468Z",
      "stabilities": [
        "unstable"
      ],
      "unfree": false,
      "version": "0.18.0",
      "outputs_to_install": [
        "out"
      ],
      "outputs": {
        "out": "/nix/store/71wifxzjj9nz73as4p5q898g7bzq0sb3-cilium-cli-0.18.0"
      },
      "system": "x86_64-darwin",
      "group": "toplevel",
      "priority": 5
    },
    {
      "attr_path": "cilium-cli",
      "broken": false,
      "derivation": "/nix/store/xhcykxrmgbxbsnz32vng4lrrmiswcapm-cilium-cli-0.18.0.drv",
      "description": "CLI to install, manage & troubleshoot Kubernetes clusters running Cilium",
      "install_id": "cilium-cli",
      "license": "Apache-2.0",
      "locked_url": "https://github.com/flox/nixpkgs?rev=1e5b653dff12029333a6546c11e108ede13052eb",
      "name": "cilium-cli-0.18.0",
      "pname": "cilium-cli",
      "rev": "1e5b653dff12029333a6546c11e108ede13052eb",
      "rev_count": 772522,
      "rev_date": "2025-03-22T18:57:23Z",
      "scrape_date": "2025-03-24T02:16:49.242940Z",
      "stabilities": [
        "unstable"
      ],
      "unfree": false,
      "version": "0.18.0",
      "outputs_to_install": [
        "out"
      ],
      "outputs": {
        "out": "/nix/store/jdjxd134r8sxc5dpvrlna6v4rcv4wxqw-cilium-cli-0.18.0"
      },
      "system": "x86_64-linux",
      "group": "toplevel",
      "priority": 5
    },
    {
      "attr_path": "ipcalc",
      "broken": false,
      "derivation": "/nix/store/anrc2hnyn9iwfww3kfbcp03x6hgyh0p1-ipcalc-1.0.3.drv",
      "description": "Simple IP network calculator",
      "install_id": "ipcalc",
      "license": "GPL-2.0-or-later",
      "locked_url": "https://github.com/flox/nixpkgs?rev=1e5b653dff12029333a6546c11e108ede13052eb",
      "name": "ipcalc-1.0.3",
      "pname": "ipcalc",
      "rev": "1e5b653dff12029333a6546c11e108ede13052eb",
      "rev_count": 772522,
      "rev_date": "2025-03-22T18:57:23Z",
      "scrape_date": "2025-03-24T01:13:29.635805Z",
      "stabilities": [
        "unstable"
      ],
      "unfree": false,
      "version": "1.0.3",
      "outputs_to_install": [
        "out"
      ],
      "outputs": {
        "out": "/nix/store/sp160dc8wzxy2kgzb6l7blyizcwgcarh-ipcalc-1.0.3"
      },
      "system": "aarch64-darwin",
      "group": "toplevel",
      "priority": 5
    },
    {
      "attr_path": "ipcalc",
      "broken": false,
      "derivation": "/nix/store/lhfrpfkdy91ax5i5v9fg58f2pwlbz5c9-ipcalc-1.0.3.drv",
      "description": "Simple IP network calculator",
      "install_id": "ipcalc",
      "license": "GPL-2.0-or-later",
      "locked_url": "https://github.com/flox/nixpkgs?rev=1e5b653dff12029333a6546c11e108ede13052eb",
      "name": "ipcalc-1.0.3",
      "pname": "ipcalc",
      "rev": "1e5b653dff12029333a6546c11e108ede13052eb",
      "rev_count": 772522,
      "rev_date": "2025-03-22T18:57:23Z",
      "scrape_date": "2025-03-24T01:35:01.925666Z",
      "stabilities": [
        "unstable"
      ],
      "unfree": false,
      "version": "1.0.3",
      "outputs_to_install": [
        "out"
      ],
      "outputs": {
        "out": "/nix/store/0r1qip3dnw5g69csg2n76xx2j93d4jc7-ipcalc-1.0.3"
      },
      "system": "aarch64-linux",
      "group": "toplevel",
      "priority": 5
    },
    {
      "attr_path": "ipcalc",
      "broken": false,
      "derivation": "/nix/store/rz8r2xb9g7xpvidgsbjg45i7yayfx9cm-ipcalc-1.0.3.drv",
      "description": "Simple IP network calculator",
      "install_id": "ipcalc",
      "license": "GPL-2.0-or-later",
      "locked_url": "https://github.com/flox/nixpkgs?rev=1e5b653dff12029333a6546c11e108ede13052eb",
      "name": "ipcalc-1.0.3",
      "pname": "ipcalc",
      "rev": "1e5b653dff12029333a6546c11e108ede13052eb",
      "rev_count": 772522,
      "rev_date": "2025-03-22T18:57:23Z",
      "scrape_date": "2025-03-24T01:54:13.513254Z",
      "stabilities": [
        "unstable"
      ],
      "unfree": false,
      "version": "1.0.3",
      "outputs_to_install": [
        "out"
      ],
      "outputs": {
        "out": "/nix/store/rk3w8cwgya7k3h7va8kw9gi8bsy8i2cp-ipcalc-1.0.3"
      },
      "system": "x86_64-darwin",
      "group": "toplevel",
      "priority": 5
    },
    {
      "attr_path": "ipcalc",
      "broken": false,
      "derivation": "/nix/store/mn1876d7j76scv5ppli96iv6r6gp8zyr-ipcalc-1.0.3.drv",
      "description": "Simple IP network calculator",
      "install_id": "ipcalc",
      "license": "GPL-2.0-or-later",
      "locked_url": "https://github.com/flox/nixpkgs?rev=1e5b653dff12029333a6546c11e108ede13052eb",
      "name": "ipcalc-1.0.3",
      "pname": "ipcalc",
      "rev": "1e5b653dff12029333a6546c11e108ede13052eb",
      "rev_count": 772522,
      "rev_date": "2025-03-22T18:57:23Z",
      "scrape_date": "2025-03-24T02:16:51.580137Z",
      "stabilities": [
        "unstable"
      ],
      "unfree": false,
      "version": "1.0.3",
      "outputs_to_install": [
        "out"
      ],
      "outputs": {
        "out": "/nix/store/309k2by87csx0biab8cyqm8b3pix0vvj-ipcalc-1.0.3"
      },
      "system": "x86_64-linux",
      "group": "toplevel",
      "priority": 5
    },
    {
      "attr_path": "kustomize",
      "broken": false,
      "derivation": "/nix/store/5kxs21q6pliv0426wf0vcjy6drr48i95-kustomize-5.6.0.drv",
      "description": "Customization of kubernetes YAML configurations",
      "install_id": "kustomize",
      "license": "Apache-2.0",
      "locked_url": "https://github.com/flox/nixpkgs?rev=1e5b653dff12029333a6546c11e108ede13052eb",
      "name": "kustomize-5.6.0",
      "pname": "kustomize",
      "rev": "1e5b653dff12029333a6546c11e108ede13052eb",
      "rev_count": 772522,
      "rev_date": "2025-03-22T18:57:23Z",
      "scrape_date": "2025-03-24T01:13:29.863117Z",
      "stabilities": [
        "unstable"
      ],
      "unfree": false,
      "version": "5.6.0",
      "outputs_to_install": [
        "out"
      ],
      "outputs": {
        "out": "/nix/store/v796z9mavxnc8n7zfjsdxq4an53ix1jk-kustomize-5.6.0"
      },
      "system": "aarch64-darwin",
      "group": "toplevel",
      "priority": 5
    },
    {
      "attr_path": "kustomize",
      "broken": false,
      "derivation": "/nix/store/7jhs1x3y6jli37byk0fc2s2vxj4in0f9-kustomize-5.6.0.drv",
      "description": "Customization of kubernetes YAML configurations",
      "install_id": "kustomize",
      "license": "Apache-2.0",
      "locked_url": "https://github.com/flox/nixpkgs?rev=1e5b653dff12029333a6546c11e108ede13052eb",
      "name": "kustomize-5.6.0",
      "pname": "kustomize",
      "rev": "1e5b653dff12029333a6546c11e108ede13052eb",
      "rev_count": 772522,
      "rev_date": "2025-03-22T18:57:23Z",
      "scrape_date": "2025-03-24T01:35:02.583929Z",
      "stabilities": [
        "unstable"
      ],
      "unfree": false,
      "version": "5.6.0",
      "outputs_to_install": [
        "out"
      ],
      "outputs": {
        "out": "/nix/store/dv7s5ic1brnzkljic8ki9ykcdicijk8c-kustomize-5.6.0"
      },
      "system": "aarch64-linux",
      "group": "toplevel",
      "priority": 5
    },
    {
      "attr_path": "kustomize",
      "broken": false,
      "derivation": "/nix/store/f3sssl9gkf9zvcaj9n2rdlz1dw922h76-kustomize-5.6.0.drv",
      "description": "Customization of kubernetes YAML configurations",
      "install_id": "kustomize",
      "license": "Apache-2.0",
      "locked_url": "https://github.com/flox/nixpkgs?rev=1e5b653dff12029333a6546c11e108ede13052eb",
      "name": "kustomize-5.6.0",
      "pname": "kustomize",
      "rev": "1e5b653dff12029333a6546c11e108ede13052eb",
      "rev_count": 772522,
      "rev_date": "2025-03-22T18:57:23Z",
      "scrape_date": "2025-03-24T01:54:13.743029Z",
      "stabilities": [
        "unstable"
      ],
      "unfree": false,
      "version": "5.6.0",
      "outputs_to_install": [
        "out"
      ],
      "outputs": {
        "out": "/nix/store/rg8hri8d2q0p5d3aix7nb26nlsdrn60q-kustomize-5.6.0"
      },
      "system": "x86_64-darwin",
      "group": "toplevel",
      "priority": 5
    },
    {
      "attr_path": "kustomize",
      "broken": false,
      "derivation": "/nix/store/n4hkyd5zsa49j83qsy7wgzbp93prw7ip-kustomize-5.6.0.drv",
      "description": "Customization of kubernetes YAML configurations",
      "install_id": "kustomize",
      "license": "Apache-2.0",
      "locked_url": "https://github.com/flox/nixpkgs?rev=1e5b653dff12029333a6546c11e108ede13052eb",
      "name": "kustomize-5.6.0",
      "pname": "kustomize",
      "rev": "1e5b653dff12029333a6546c11e108ede13052eb",
      "rev_count": 772522,
      "rev_date": "2025-03-22T18:57:23Z",
      "scrape_date": "2025-03-24T02:16:52.285736Z",
      "stabilities": [
        "unstable"
      ],
      "unfree": false,
      "version": "5.6.0",
      "outputs_to_install": [
        "out"
      ],
      "outputs": {
        "out": "/nix/store/9r4iwrwsh5l5jy7qs21dxq1g71vax77b-kustomize-5.6.0"
      },
      "system": "x86_64-linux",
      "group": "toplevel",
      "priority": 5
    },
    {
      "attr_path": "lima",
      "broken": false,
      "derivation": "/nix/store/qybggcc9i994r1l97507jvpzmj7jkn0j-lima-1.0.6.drv",
      "description": "Linux virtual machines (on macOS, in most cases)",
      "install_id": "lima",
      "license": "Apache-2.0",
      "locked_url": "https://github.com/flox/nixpkgs?rev=1e5b653dff12029333a6546c11e108ede13052eb",
      "name": "lima-1.0.6",
      "pname": "lima",
      "rev": "1e5b653dff12029333a6546c11e108ede13052eb",
      "rev_count": 772522,
      "rev_date": "2025-03-22T18:57:23Z",
      "scrape_date": "2025-03-24T01:13:30.215875Z",
      "stabilities": [
        "unstable"
      ],
      "unfree": false,
      "version": "1.0.6",
      "outputs_to_install": [
        "out"
      ],
      "outputs": {
        "out": "/nix/store/jrvmpibms2c6xrgv5lp0qjrjbm06vhzi-lima-1.0.6"
      },
      "system": "aarch64-darwin",
      "group": "toplevel",
      "priority": 5
    },
    {
      "attr_path": "lima",
      "broken": false,
      "derivation": "/nix/store/l113zkqi0mas9brybpi60yghpnx7hgv6-lima-1.0.6.drv",
      "description": "Linux virtual machines (on macOS, in most cases)",
      "install_id": "lima",
      "license": "Apache-2.0",
      "locked_url": "https://github.com/flox/nixpkgs?rev=1e5b653dff12029333a6546c11e108ede13052eb",
      "name": "lima-1.0.6",
      "pname": "lima",
      "rev": "1e5b653dff12029333a6546c11e108ede13052eb",
      "rev_count": 772522,
      "rev_date": "2025-03-22T18:57:23Z",
      "scrape_date": "2025-03-24T01:35:03.497252Z",
      "stabilities": [
        "unstable"
      ],
      "unfree": false,
      "version": "1.0.6",
      "outputs_to_install": [
        "out"
      ],
      "outputs": {
        "out": "/nix/store/9qx727vcqpskjmhnbkc196xf52sz58x3-lima-1.0.6"
      },
      "system": "aarch64-linux",
      "group": "toplevel",
      "priority": 5
    },
    {
      "attr_path": "lima",
      "broken": false,
      "derivation": "/nix/store/ha992js7dh15v77p9mmfqmb00rxiv7im-lima-1.0.6.drv",
      "description": "Linux virtual machines (on macOS, in most cases)",
      "install_id": "lima",
      "license": "Apache-2.0",
      "locked_url": "https://github.com/flox/nixpkgs?rev=1e5b653dff12029333a6546c11e108ede13052eb",
      "name": "lima-1.0.6",
      "pname": "lima",
      "rev": "1e5b653dff12029333a6546c11e108ede13052eb",
      "rev_count": 772522,
      "rev_date": "2025-03-22T18:57:23Z",
      "scrape_date": "2025-03-24T01:54:14.104812Z",
      "stabilities": [
        "unstable"
      ],
      "unfree": false,
      "version": "1.0.6",
      "outputs_to_install": [
        "out"
      ],
      "outputs": {
        "out": "/nix/store/4rjh664cbbri5wg6i0vi71jr1yysr2l6-lima-1.0.6"
      },
      "system": "x86_64-darwin",
      "group": "toplevel",
      "priority": 5
    },
    {
      "attr_path": "lima",
      "broken": false,
      "derivation": "/nix/store/3gzxpzcc6l6132psawjdy0sx0v9s1agx-lima-1.0.6.drv",
      "description": "Linux virtual machines (on macOS, in most cases)",
      "install_id": "lima",
      "license": "Apache-2.0",
      "locked_url": "https://github.com/flox/nixpkgs?rev=1e5b653dff12029333a6546c11e108ede13052eb",
      "name": "lima-1.0.6",
      "pname": "lima",
      "rev": "1e5b653dff12029333a6546c11e108ede13052eb",
      "rev_count": 772522,
      "rev_date": "2025-03-22T18:57:23Z",
      "scrape_date": "2025-03-24T02:16:53.262550Z",
      "stabilities": [
        "unstable"
      ],
      "unfree": false,
      "version": "1.0.6",
      "outputs_to_install": [
        "out"
      ],
      "outputs": {
        "out": "/nix/store/g53i4bcfjcyyzvnhp2qzhra2212mxcjx-lima-1.0.6"
      },
      "system": "x86_64-linux",
      "group": "toplevel",
      "priority": 5
    },
    {
      "attr_path": "podlet",
      "broken": false,
      "derivation": "/nix/store/nvd7p7ma9gh2qkyh81w12z8m04wgf9cn-podlet-0.3.0.drv",
      "description": "Generate Podman Quadlet files from a Podman command, compose file, or existing object",
      "install_id": "podlet",
      "license": "MPL-2.0",
      "locked_url": "https://github.com/flox/nixpkgs?rev=1e5b653dff12029333a6546c11e108ede13052eb",
      "name": "podlet-0.3.0",
      "pname": "podlet",
      "rev": "1e5b653dff12029333a6546c11e108ede13052eb",
      "rev_count": 772522,
      "rev_date": "2025-03-22T18:57:23Z",
      "scrape_date": "2025-03-24T01:13:36.240585Z",
      "stabilities": [
        "unstable"
      ],
      "unfree": false,
      "version": "0.3.0",
      "outputs_to_install": [
        "out"
      ],
      "outputs": {
        "out": "/nix/store/blllmb4lgz0q6vs7pd0cr3ayid30164i-podlet-0.3.0"
      },
      "system": "aarch64-darwin",
      "group": "toplevel",
      "priority": 5
    },
    {
      "attr_path": "podlet",
      "broken": false,
      "derivation": "/nix/store/yaawh1xh7nl1vd8jjm2qcpk0z21n1y39-podlet-0.3.0.drv",
      "description": "Generate Podman Quadlet files from a Podman command, compose file, or existing object",
      "install_id": "podlet",
      "license": "MPL-2.0",
      "locked_url": "https://github.com/flox/nixpkgs?rev=1e5b653dff12029333a6546c11e108ede13052eb",
      "name": "podlet-0.3.0",
      "pname": "podlet",
      "rev": "1e5b653dff12029333a6546c11e108ede13052eb",
      "rev_count": 772522,
      "rev_date": "2025-03-22T18:57:23Z",
      "scrape_date": "2025-03-24T01:35:18.715341Z",
      "stabilities": [
        "unstable"
      ],
      "unfree": false,
      "version": "0.3.0",
      "outputs_to_install": [
        "out"
      ],
      "outputs": {
        "out": "/nix/store/12sjdfchhv25by3fbh946zl1db1cwi2d-podlet-0.3.0"
      },
      "system": "aarch64-linux",
      "group": "toplevel",
      "priority": 5
    },
    {
      "attr_path": "podlet",
      "broken": false,
      "derivation": "/nix/store/p9w1jz6y1s2v4510iz6ymprpbsnmy6b6-podlet-0.3.0.drv",
      "description": "Generate Podman Quadlet files from a Podman command, compose file, or existing object",
      "install_id": "podlet",
      "license": "MPL-2.0",
      "locked_url": "https://github.com/flox/nixpkgs?rev=1e5b653dff12029333a6546c11e108ede13052eb",
      "name": "podlet-0.3.0",
      "pname": "podlet",
      "rev": "1e5b653dff12029333a6546c11e108ede13052eb",
      "rev_count": 772522,
      "rev_date": "2025-03-22T18:57:23Z",
      "scrape_date": "2025-03-24T01:54:20.082215Z",
      "stabilities": [
        "unstable"
      ],
      "unfree": false,
      "version": "0.3.0",
      "outputs_to_install": [
        "out"
      ],
      "outputs": {
        "out": "/nix/store/nr0q7lls37wnjbkw0z6v3v88ss7ph0xx-podlet-0.3.0"
      },
      "system": "x86_64-darwin",
      "group": "toplevel",
      "priority": 5
    },
    {
      "attr_path": "podlet",
      "broken": false,
      "derivation": "/nix/store/y3p5knwaq5lfmasgs2hmbfb48gn8f1np-podlet-0.3.0.drv",
      "description": "Generate Podman Quadlet files from a Podman command, compose file, or existing object",
      "install_id": "podlet",
      "license": "MPL-2.0",
      "locked_url": "https://github.com/flox/nixpkgs?rev=1e5b653dff12029333a6546c11e108ede13052eb",
      "name": "podlet-0.3.0",
      "pname": "podlet",
      "rev": "1e5b653dff12029333a6546c11e108ede13052eb",
      "rev_count": 772522,
      "rev_date": "2025-03-22T18:57:23Z",
      "scrape_date": "2025-03-24T02:17:10.744454Z",
      "stabilities": [
        "unstable"
      ],
      "unfree": false,
      "version": "0.3.0",
      "outputs_to_install": [
        "out"
      ],
      "outputs": {
        "out": "/nix/store/jfd63kn1sl5adqcdhfl0gydra8nmz05l-podlet-0.3.0"
      },
      "system": "x86_64-linux",
      "group": "toplevel",
      "priority": 5
    },
    {
      "attr_path": "podman",
      "broken": false,
      "derivation": "/nix/store/rihhqmafgk243jlrm5hv149qv52lxqjs-podman-5.4.1.drv",
      "description": "Program for managing pods, containers and container images",
      "install_id": "podman",
      "license": "Apache-2.0",
      "locked_url": "https://github.com/flox/nixpkgs?rev=1e5b653dff12029333a6546c11e108ede13052eb",
      "name": "podman-5.4.1",
      "pname": "podman",
      "rev": "1e5b653dff12029333a6546c11e108ede13052eb",
      "rev_count": 772522,
      "rev_date": "2025-03-22T18:57:23Z",
      "scrape_date": "2025-03-24T01:13:36.241250Z",
      "stabilities": [
        "unstable"
      ],
      "unfree": false,
      "version": "5.4.1",
      "outputs_to_install": [
        "man",
        "out"
      ],
      "outputs": {
        "man": "/nix/store/xb08z17d8wxqlq1f1w7ny24mdb2lj1zz-podman-5.4.1-man",
        "out": "/nix/store/bvn1sdb4ipvvyvsfnmx03zxs1kdl8xm8-podman-5.4.1"
      },
      "system": "aarch64-darwin",
      "group": "toplevel",
      "priority": 5
    },
    {
      "attr_path": "podman",
      "broken": false,
      "derivation": "/nix/store/0036ylzr3zr96f2wf82l1s16qfw641xj-podman-5.4.1.drv",
      "description": "Program for managing pods, containers and container images",
      "install_id": "podman",
      "license": "Apache-2.0",
      "locked_url": "https://github.com/flox/nixpkgs?rev=1e5b653dff12029333a6546c11e108ede13052eb",
      "name": "podman-5.4.1",
      "pname": "podman",
      "rev": "1e5b653dff12029333a6546c11e108ede13052eb",
      "rev_count": 772522,
      "rev_date": "2025-03-22T18:57:23Z",
      "scrape_date": "2025-03-24T01:35:18.716413Z",
      "stabilities": [
        "unstable"
      ],
      "unfree": false,
      "version": "5.4.1",
      "outputs_to_install": [
        "man",
        "out"
      ],
      "outputs": {
        "man": "/nix/store/ggck2cqyaaqcy8ri8g3arcsxzx81r22h-podman-5.4.1-man",
        "out": "/nix/store/j6wdvirl9v3v7wh7mxsal44nxa06pbcj-podman-5.4.1"
      },
      "system": "aarch64-linux",
      "group": "toplevel",
      "priority": 5
    },
    {
      "attr_path": "podman",
      "broken": false,
      "derivation": "/nix/store/g1ahlay8yszc7wbhhlyi5f95h36lrnhm-podman-5.4.1.drv",
      "description": "Program for managing pods, containers and container images",
      "install_id": "podman",
      "license": "Apache-2.0",
      "locked_url": "https://github.com/flox/nixpkgs?rev=1e5b653dff12029333a6546c11e108ede13052eb",
      "name": "podman-5.4.1",
      "pname": "podman",
      "rev": "1e5b653dff12029333a6546c11e108ede13052eb",
      "rev_count": 772522,
      "rev_date": "2025-03-22T18:57:23Z",
      "scrape_date": "2025-03-24T01:54:20.082897Z",
      "stabilities": [
        "unstable"
      ],
      "unfree": false,
      "version": "5.4.1",
      "outputs_to_install": [
        "man",
        "out"
      ],
      "outputs": {
        "man": "/nix/store/mh7yi2qzrjjl2763cnr6s7kj24q6id2k-podman-5.4.1-man",
        "out": "/nix/store/53f6m32wgmwmqpa7164jq6cmwb6g6s3p-podman-5.4.1"
      },
      "system": "x86_64-darwin",
      "group": "toplevel",
      "priority": 5
    },
    {
      "attr_path": "podman",
      "broken": false,
      "derivation": "/nix/store/ikn3zg25fzcbim3zrhsba83kydaybjif-podman-5.4.1.drv",
      "description": "Program for managing pods, containers and container images",
      "install_id": "podman",
      "license": "Apache-2.0",
      "locked_url": "https://github.com/flox/nixpkgs?rev=1e5b653dff12029333a6546c11e108ede13052eb",
      "name": "podman-5.4.1",
      "pname": "podman",
      "rev": "1e5b653dff12029333a6546c11e108ede13052eb",
      "rev_count": 772522,
      "rev_date": "2025-03-22T18:57:23Z",
      "scrape_date": "2025-03-24T02:17:10.745589Z",
      "stabilities": [
        "unstable"
      ],
      "unfree": false,
      "version": "5.4.1",
      "outputs_to_install": [
        "man",
        "out"
      ],
      "outputs": {
        "man": "/nix/store/caknl8wzswcayi2blmsqcpkkfc3v0vhq-podman-5.4.1-man",
        "out": "/nix/store/a954bx112iv8x0caqg77hhbwb84jr1wk-podman-5.4.1"
      },
      "system": "x86_64-linux",
      "group": "toplevel",
      "priority": 5
    }
  ]
}